
Microsoft Visual Studio Solution File, Format Version 12.00
# Visual Studio Version 17
VisualStudioVersion = 17.3.32929.385
MinimumVisualStudioVersion = 10.0.40219.1
Project("{FAE04EC0-301F-11D3-BF4B-00C04F79EFBC}") = "DiscordRule", "DiscordRule\DiscordRule.csproj", "{D1DC5974-A031-47D4-9926-E6661E833BB5}"
EndProject
Global
	GlobalSection(SolutionConfigurationPlatforms) = preSolution
		Debug|Any CPU = Debug|Any CPU
		Release|Any CPU = Release|Any CPU
	EndGlobalSection
	GlobalSection(ProjectConfigurationPlatforms) = postSolution
		{D1DC5974-A031-47D4-9926-E6661E833BB5}.Debug|Any CPU.ActiveCfg = Debug|Any CPU
		{D1DC5974-A031-47D4-9926-E6661E833BB5}.Debug|Any CPU.Build.0 = Debug|Any CPU
		{D1DC5974-A031-47D4-9926-E6661E833BB5}.Release|Any CPU.ActiveCfg = Release|Any CPU
		{D1DC5974-A031-47D4-9926-E6661E833BB5}.Release|Any CPU.Build.0 = Release|Any CPU
	EndGlobalSection
	GlobalSection(SolutionProperties) = preSolution
		HideSolutionNode = FALSE
	EndGlobalSection
	GlobalSection(ExtensibilityGlobals) = postSolution
		SolutionGuid = {100D92AE-78E2-4655-886F-7A2427493DC7}
	EndGlobalSection
EndGlobal
